
Microsoft Visual Studio Solution File, Format Version 12.00
# Visual Studio Version 17
VisualStudioVersion = 17.14.36414.22
MinimumVisualStudioVersion = 10.0.40219.1
Project("{FAE04EC0-301F-11D3-BF4B-00C04F79EFBC}") = "Tyuiu.ArkhipovaMD.Sprint1.Task0.V6", "Tyuiu.ArkhipovaMD.Sprint1.Task0.V6\Tyuiu.ArkhipovaMD.Sprint1.Task0.V6.csproj", "{AB342BAF-2164-4214-B9ED-73A5D0691286}"
EndProject
Project("{2150E333-8FDC-42A3-9474-1A3956D46DE8}") = "Task0", "Task0", "{02EA681E-C7D8-13C7-8484-4AC65E1B71E8}"
EndProject
Project("{FAE04EC0-301F-11D3-BF4B-00C04F79EFBC}") = "Tyuiu.ArkhipovaMD.Sprint1.Task0.V6.Test", "Tyuiu.ArkhipovaMD.Sprint1.Task0.V6.Test\Tyuiu.ArkhipovaMD.Sprint1.Task0.V6.Test.csproj", "{343B5A69-9519-4B8A-92E1-627FB5AFB1E2}"
EndProject
Project("{FAE04EC0-301F-11D3-BF4B-00C04F79EFBC}") = "Tyuiu.ArkhipovaMD.Sprint1.Task0.V6.Lib", "Tyuiu.ArkhipovaMD.Sprint1.Task0.V6.Lib\Tyuiu.ArkhipovaMD.Sprint1.Task0.V6.Lib.csproj", "{82BA6E6B-C2BB-4CF1-80A8-BA479A8D277A}"
EndProject
Project("{2150E333-8FDC-42A3-9474-1A3956D46DE8}") = "Task1", "Task1", "{CAEA7612-65D0-4BD7-82A0-F42446A21889}"
EndProject
Project("{2150E333-8FDC-42A3-9474-1A3956D46DE8}") = "Task2", "Task2", "{F7EE25EC-A220-4BCF-B300-F2CEF46B5C7F}"
EndProject
Project("{FAE04EC0-301F-11D3-BF4B-00C04F79EFBC}") = "Tyuiu.ArkhipovaMD.Sprint1.Task2.V4.Lib", "Tyuiu.ArkhipovaMD.Sprint1.Task2.V4.Lib\Tyuiu.ArkhipovaMD.Sprint1.Task2.V4.Lib.csproj", "{D80D45F4-BDA3-498E-90B4-56F1EE07130B}"
EndProject
Project("{FAE04EC0-301F-11D3-BF4B-00C04F79EFBC}") = "Tyuiu.ArkhipovaMD.Sprint1.Task2.V4.Test", "Tyuiu.ArkhipovaMD.Sprint1.Task2.V4.Test\Tyuiu.ArkhipovaMD.Sprint1.Task2.V4.Test.csproj", "{1F2681F8-3A32-4E13-A82E-C0717CE18F1D}"
EndProject
Project("{FAE04EC0-301F-11D3-BF4B-00C04F79EFBC}") = "Tyuiu.ArkhipovaMD.Sprint1.Task2.V4", "Tyuiu.ArkhipovaMD.Sprint1.Task2.V4\Tyuiu.ArkhipovaMD.Sprint1.Task2.V4.csproj", "{4A5E103C-0D5D-4F9F-A593-28DF5C193863}"
EndProject
Project("{FAE04EC0-301F-11D3-BF4B-00C04F79EFBC}") = "Tyuiu.ArkhipovaMD.Sprint1.Task1.V1", "Tyuiu.ArkhipovaMD.Sprint1.Task1.V1\Tyuiu.ArkhipovaMD.Sprint1.Task1.V1.csproj", "{4B3C23C7-BBBE-44ED-839B-E42183DE76CB}"
EndProject
Project("{FAE04EC0-301F-11D3-BF4B-00C04F79EFBC}") = "Tyuiu.ArkhipovaMD.Sprint1.Task1.V1.Lib", "Tyuiu.ArkhipovaMD.Sprint1.Task1.V1.Lib\Tyuiu.ArkhipovaMD.Sprint1.Task1.V1.Lib.csproj", "{D9A3CC15-2207-4CC6-919D-8C78130E2C01}"
EndProject
Project("{FAE04EC0-301F-11D3-BF4B-00C04F79EFBC}") = "Tyuiu.ArkhipovaMD.Sprint1.Task1.V1.Test", "Tyuiu.ArkhipovaMD.Sprint1.Task1.V1.Test\Tyuiu.ArkhipovaMD.Sprint1.Task1.V1.Test.csproj", "{A5E3B504-4027-4341-B745-7825B7589278}"
EndProject
Project("{2150E333-8FDC-42A3-9474-1A3956D46DE8}") = "Task3", "Task3", "{349670FF-C99D-46FD-B03D-32226C802759}"
EndProject
Project("{FAE04EC0-301F-11D3-BF4B-00C04F79EFBC}") = "Tyuiu.ArkhipovaMD.Sprint1.Task3.V19", "Tyuiu.ArkhipovaMD.Sprint1.Task3.V19\Tyuiu.ArkhipovaMD.Sprint1.Task3.V19.csproj", "{79F08F8C-54A0-4944-9B5A-F8BA1E5F16EB}"
EndProject
Project("{FAE04EC0-301F-11D3-BF4B-00C04F79EFBC}") = "Tyuiu.ArkhipovaMD.Sprint1.Task3.V19.Lib", "Tyuiu.ArkhipovaMD.Sprint1.Task3.V19.Lib\Tyuiu.ArkhipovaMD.Sprint1.Task3.V19.Lib.csproj", "{781E2662-F08F-48A5-9153-0D37B613EA8D}"
EndProject
Project("{FAE04EC0-301F-11D3-BF4B-00C04F79EFBC}") = "Tyuiu.ArkhipovaMD.Sprint1.Task3.V19.Test", "Tyuiu.ArkhipovaMD.Sprint1.Task3.V19.Test\Tyuiu.ArkhipovaMD.Sprint1.Task3.V19.Test.csproj", "{D8F45BFA-4FBA-4899-A547-832E7BEC3469}"
EndProject
Project("{2150E333-8FDC-42A3-9474-1A3956D46DE8}") = "Task4", "Task4", "{0466D0A7-D204-4E4E-95AA-6EEBA3E849E4}"
EndProject
Project("{FAE04EC0-301F-11D3-BF4B-00C04F79EFBC}") = "Tyuiu.ArkhipovaMD.Sprint1.Task4.V2.Lib", "Tyuiu.ArkhipovaMD.Sprint1.Task4.V2.Lib\Tyuiu.ArkhipovaMD.Sprint1.Task4.V2.Lib.csproj", "{A1736F80-F340-4182-9D9E-58BBCCBFCBFF}"
EndProject
Project("{FAE04EC0-301F-11D3-BF4B-00C04F79EFBC}") = "Tyuiu.ArkhipovaMD.Sprint1.Task4.V2.Test", "Tyuiu.ArkhipovaMD.Sprint1.Task4.V2.Test\Tyuiu.ArkhipovaMD.Sprint1.Task4.V2.Test.csproj", "{8044DA8E-65B3-4BE8-866D-7CAB93385564}"
EndProject
Project("{FAE04EC0-301F-11D3-BF4B-00C04F79EFBC}") = "Tyuiu.ArkhipovaMD.Sprint1.Task4.V2", "Tyuiu.ArkhipovaMD.Sprint1.Task4.V2\Tyuiu.ArkhipovaMD.Sprint1.Task4.V2.csproj", "{78D0A765-D284-48B3-BD0E-09536DD0E9D8}"
EndProject
Project("{2150E333-8FDC-42A3-9474-1A3956D46DE8}") = "Task5", "Task5", "{CA499F1D-3670-45BA-9560-3DD4E9F2EC1D}"
EndProject
Project("{FAE04EC0-301F-11D3-BF4B-00C04F79EFBC}") = "Tyuiu.ArkhipovaMD.Sprint1.Task5.V2.Lib", "Tyuiu.ArkhipovaMD.Sprint1.Task5.V2.Lib\Tyuiu.ArkhipovaMD.Sprint1.Task5.V2.Lib.csproj", "{B0C22B87-2F28-4FB3-917D-3672292D5E64}"
EndProject
Project("{FAE04EC0-301F-11D3-BF4B-00C04F79EFBC}") = "Tyuiu.ArkhipovaMD.Sprint1.Task5.V2.Test", "Tyuiu.ArkhipovaMD.Sprint1.Task5.V2.Test\Tyuiu.ArkhipovaMD.Sprint1.Task5.V2.Test.csproj", "{1C2CF371-17D7-4D46-94FD-4B1974758A87}"
EndProject
Project("{FAE04EC0-301F-11D3-BF4B-00C04F79EFBC}") = "Tyuiu.ArkhipovaMD.Sprint1.Task5.V2", "Tyuiu.ArkhipovaMD.Sprint1.Task5.V2\Tyuiu.ArkhipovaMD.Sprint1.Task5.V2.csproj", "{3016AB0F-8162-4BD7-95D5-A2D5F77B60E3}"
EndProject
Project("{2150E333-8FDC-42A3-9474-1A3956D46DE8}") = "Task6", "Task6", "{9C093B7C-E943-4DAF-B9F6-5705B9210A2D}"
EndProject
Project("{FAE04EC0-301F-11D3-BF4B-00C04F79EFBC}") = "Tyuiu.ArkhipovaMD.Sprint1.Task6.V12.Lib", "Tyuiu.ArkhipovaMD.Sprint1.Task6.V12.Lib\Tyuiu.ArkhipovaMD.Sprint1.Task6.V12.Lib.csproj", "{B0634E0D-2437-44FB-A539-BEF96E0676E6}"
EndProject
Project("{FAE04EC0-301F-11D3-BF4B-00C04F79EFBC}") = "Tyuiu.ArkhipovaMD.Sprint1.Task6.V12.Test", "Tyuiu.ArkhipovaMD.Sprint1.Task6.V12.Test\Tyuiu.ArkhipovaMD.Sprint1.Task6.V12.Test.csproj", "{B8465A63-8512-4C95-BD1D-68F4FD5A0B53}"
EndProject
Project("{FAE04EC0-301F-11D3-BF4B-00C04F79EFBC}") = "Tyuiu.ArkhipovaMD.Sprint1.Task6.V12", "Tyuiu.ArkhipovaMD.Sprint1.Task6.V12\Tyuiu.ArkhipovaMD.Sprint1.Task6.V12.csproj", "{E17A91F0-98B8-4866-AA4D-69245F389E1E}"
EndProject
Global
	GlobalSection(SolutionConfigurationPlatforms) = preSolution
		Debug|Any CPU = Debug|Any CPU
		Release|Any CPU = Release|Any CPU
	EndGlobalSection
	GlobalSection(ProjectConfigurationPlatforms) = postSolution
		{AB342BAF-2164-4214-B9ED-73A5D0691286}.Debug|Any CPU.ActiveCfg = Debug|Any CPU
		{AB342BAF-2164-4214-B9ED-73A5D0691286}.Debug|Any CPU.Build.0 = Debug|Any CPU
		{AB342BAF-2164-4214-B9ED-73A5D0691286}.Release|Any CPU.ActiveCfg = Release|Any CPU
		{AB342BAF-2164-4214-B9ED-73A5D0691286}.Release|Any CPU.Build.0 = Release|Any CPU
		{343B5A69-9519-4B8A-92E1-627FB5AFB1E2}.Debug|Any CPU.ActiveCfg = Debug|Any CPU
		{343B5A69-9519-4B8A-92E1-627FB5AFB1E2}.Debug|Any CPU.Build.0 = Debug|Any CPU
		{343B5A69-9519-4B8A-92E1-627FB5AFB1E2}.Release|Any CPU.ActiveCfg = Release|Any CPU
		{343B5A69-9519-4B8A-92E1-627FB5AFB1E2}.Release|Any CPU.Build.0 = Release|Any CPU
		{82BA6E6B-C2BB-4CF1-80A8-BA479A8D277A}.Debug|Any CPU.ActiveCfg = Debug|Any CPU
		{82BA6E6B-C2BB-4CF1-80A8-BA479A8D277A}.Debug|Any CPU.Build.0 = Debug|Any CPU
		{82BA6E6B-C2BB-4CF1-80A8-BA479A8D277A}.Release|Any CPU.ActiveCfg = Release|Any CPU
		{82BA6E6B-C2BB-4CF1-80A8-BA479A8D277A}.Release|Any CPU.Build.0 = Release|Any CPU
		{D80D45F4-BDA3-498E-90B4-56F1EE07130B}.Debug|Any CPU.ActiveCfg = Debug|Any CPU
		{D80D45F4-BDA3-498E-90B4-56F1EE07130B}.Debug|Any CPU.Build.0 = Debug|Any CPU
		{D80D45F4-BDA3-498E-90B4-56F1EE07130B}.Release|Any CPU.ActiveCfg = Release|Any CPU
		{D80D45F4-BDA3-498E-90B4-56F1EE07130B}.Release|Any CPU.Build.0 = Release|Any CPU
		{1F2681F8-3A32-4E13-A82E-C0717CE18F1D}.Debug|Any CPU.ActiveCfg = Debug|Any CPU
		{1F2681F8-3A32-4E13-A82E-C0717CE18F1D}.Debug|Any CPU.Build.0 = Debug|Any CPU
		{1F2681F8-3A32-4E13-A82E-C0717CE18F1D}.Release|Any CPU.ActiveCfg = Release|Any CPU
		{1F2681F8-3A32-4E13-A82E-C0717CE18F1D}.Release|Any CPU.Build.0 = Release|Any CPU
		{4A5E103C-0D5D-4F9F-A593-28DF5C193863}.Debug|Any CPU.ActiveCfg = Debug|Any CPU
		{4A5E103C-0D5D-4F9F-A593-28DF5C193863}.Debug|Any CPU.Build.0 = Debug|Any CPU
		{4A5E103C-0D5D-4F9F-A593-28DF5C193863}.Release|Any CPU.ActiveCfg = Release|Any CPU
		{4A5E103C-0D5D-4F9F-A593-28DF5C193863}.Release|Any CPU.Build.0 = Release|Any CPU
		{4B3C23C7-BBBE-44ED-839B-E42183DE76CB}.Debug|Any CPU.ActiveCfg = Debug|Any CPU
		{4B3C23C7-BBBE-44ED-839B-E42183DE76CB}.Debug|Any CPU.Build.0 = Debug|Any CPU
		{4B3C23C7-BBBE-44ED-839B-E42183DE76CB}.Release|Any CPU.ActiveCfg = Release|Any CPU
		{4B3C23C7-BBBE-44ED-839B-E42183DE76CB}.Release|Any CPU.Build.0 = Release|Any CPU
		{D9A3CC15-2207-4CC6-919D-8C78130E2C01}.Debug|Any CPU.ActiveCfg = Debug|Any CPU
		{D9A3CC15-2207-4CC6-919D-8C78130E2C01}.Debug|Any CPU.Build.0 = Debug|Any CPU
		{D9A3CC15-2207-4CC6-919D-8C78130E2C01}.Release|Any CPU.ActiveCfg = Release|Any CPU
		{D9A3CC15-2207-4CC6-919D-8C78130E2C01}.Release|Any CPU.Build.0 = Release|Any CPU
		{A5E3B504-4027-4341-B745-7825B7589278}.Debug|Any CPU.ActiveCfg = Debug|Any CPU
		{A5E3B504-4027-4341-B745-7825B7589278}.Debug|Any CPU.Build.0 = Debug|Any CPU
		{A5E3B504-4027-4341-B745-7825B7589278}.Release|Any CPU.ActiveCfg = Release|Any CPU
		{A5E3B504-4027-4341-B745-7825B7589278}.Release|Any CPU.Build.0 = Release|Any CPU
		{79F08F8C-54A0-4944-9B5A-F8BA1E5F16EB}.Debug|Any CPU.ActiveCfg = Debug|Any CPU
		{79F08F8C-54A0-4944-9B5A-F8BA1E5F16EB}.Debug|Any CPU.Build.0 = Debug|Any CPU
		{79F08F8C-54A0-4944-9B5A-F8BA1E5F16EB}.Release|Any CPU.ActiveCfg = Release|Any CPU
		{79F08F8C-54A0-4944-9B5A-F8BA1E5F16EB}.Release|Any CPU.Build.0 = Release|Any CPU
		{781E2662-F08F-48A5-9153-0D37B613EA8D}.Debug|Any CPU.ActiveCfg = Debug|Any CPU
		{781E2662-F08F-48A5-9153-0D37B613EA8D}.Debug|Any CPU.Build.0 = Debug|Any CPU
		{781E2662-F08F-48A5-9153-0D37B613EA8D}.Release|Any CPU.ActiveCfg = Release|Any CPU
		{781E2662-F08F-48A5-9153-0D37B613EA8D}.Release|Any CPU.Build.0 = Release|Any CPU
		{D8F45BFA-4FBA-4899-A547-832E7BEC3469}.Debug|Any CPU.ActiveCfg = Debug|Any CPU
		{D8F45BFA-4FBA-4899-A547-832E7BEC3469}.Debug|Any CPU.Build.0 = Debug|Any CPU
		{D8F45BFA-4FBA-4899-A547-832E7BEC3469}.Release|Any CPU.ActiveCfg = Release|Any CPU
		{D8F45BFA-4FBA-4899-A547-832E7BEC3469}.Release|Any CPU.Build.0 = Release|Any CPU
		{A1736F80-F340-4182-9D9E-58BBCCBFCBFF}.Debug|Any CPU.ActiveCfg = Debug|Any CPU
		{A1736F80-F340-4182-9D9E-58BBCCBFCBFF}.Debug|Any CPU.Build.0 = Debug|Any CPU
		{A1736F80-F340-4182-9D9E-58BBCCBFCBFF}.Release|Any CPU.ActiveCfg = Release|Any CPU
		{A1736F80-F340-4182-9D9E-58BBCCBFCBFF}.Release|Any CPU.Build.0 = Release|Any CPU
		{8044DA8E-65B3-4BE8-866D-7CAB93385564}.Debug|Any CPU.ActiveCfg = Debug|Any CPU
		{8044DA8E-65B3-4BE8-866D-7CAB93385564}.Debug|Any CPU.Build.0 = Debug|Any CPU
		{8044DA8E-65B3-4BE8-866D-7CAB93385564}.Release|Any CPU.ActiveCfg = Release|Any CPU
		{8044DA8E-65B3-4BE8-866D-7CAB93385564}.Release|Any CPU.Build.0 = Release|Any CPU
		{78D0A765-D284-48B3-BD0E-09536DD0E9D8}.Debug|Any CPU.ActiveCfg = Debug|Any CPU
		{78D0A765-D284-48B3-BD0E-09536DD0E9D8}.Debug|Any CPU.Build.0 = Debug|Any CPU
		{78D0A765-D284-48B3-BD0E-09536DD0E9D8}.Release|Any CPU.ActiveCfg = Release|Any CPU
		{78D0A765-D284-48B3-BD0E-09536DD0E9D8}.Release|Any CPU.Build.0 = Release|Any CPU
		{B0C22B87-2F28-4FB3-917D-3672292D5E64}.Debug|Any CPU.ActiveCfg = Debug|Any CPU
		{B0C22B87-2F28-4FB3-917D-3672292D5E64}.Debug|Any CPU.Build.0 = Debug|Any CPU
		{B0C22B87-2F28-4FB3-917D-3672292D5E64}.Release|Any CPU.ActiveCfg = Release|Any CPU
		{B0C22B87-2F28-4FB3-917D-3672292D5E64}.Release|Any CPU.Build.0 = Release|Any CPU
		{1C2CF371-17D7-4D46-94FD-4B1974758A87}.Debug|Any CPU.ActiveCfg = Debug|Any CPU
		{1C2CF371-17D7-4D46-94FD-4B1974758A87}.Debug|Any CPU.Build.0 = Debug|Any CPU
		{1C2CF371-17D7-4D46-94FD-4B1974758A87}.Release|Any CPU.ActiveCfg = Release|Any CPU
		{1C2CF371-17D7-4D46-94FD-4B1974758A87}.Release|Any CPU.Build.0 = Release|Any CPU
		{3016AB0F-8162-4BD7-95D5-A2D5F77B60E3}.Debug|Any CPU.ActiveCfg = Debug|Any CPU
		{3016AB0F-8162-4BD7-95D5-A2D5F77B60E3}.Debug|Any CPU.Build.0 = Debug|Any CPU
		{3016AB0F-8162-4BD7-95D5-A2D5F77B60E3}.Release|Any CPU.ActiveCfg = Release|Any CPU
		{3016AB0F-8162-4BD7-95D5-A2D5F77B60E3}.Release|Any CPU.Build.0 = Release|Any CPU
		{B0634E0D-2437-44FB-A539-BEF96E0676E6}.Debug|Any CPU.ActiveCfg = Debug|Any CPU
		{B0634E0D-2437-44FB-A539-BEF96E0676E6}.Debug|Any CPU.Build.0 = Debug|Any CPU
		{B0634E0D-2437-44FB-A539-BEF96E0676E6}.Release|Any CPU.ActiveCfg = Release|Any CPU
		{B0634E0D-2437-44FB-A539-BEF96E0676E6}.Release|Any CPU.Build.0 = Release|Any CPU
		{B8465A63-8512-4C95-BD1D-68F4FD5A0B53}.Debug|Any CPU.ActiveCfg = Debug|Any CPU
		{B8465A63-8512-4C95-BD1D-68F4FD5A0B53}.Debug|Any CPU.Build.0 = Debug|Any CPU
		{B8465A63-8512-4C95-BD1D-68F4FD5A0B53}.Release|Any CPU.ActiveCfg = Release|Any CPU
		{B8465A63-8512-4C95-BD1D-68F4FD5A0B53}.Release|Any CPU.Build.0 = Release|Any CPU
		{E17A91F0-98B8-4866-AA4D-69245F389E1E}.Debug|Any CPU.ActiveCfg = Debug|Any CPU
		{E17A91F0-98B8-4866-AA4D-69245F389E1E}.Debug|Any CPU.Build.0 = Debug|Any CPU
		{E17A91F0-98B8-4866-AA4D-69245F389E1E}.Release|Any CPU.ActiveCfg = Release|Any CPU
		{E17A91F0-98B8-4866-AA4D-69245F389E1E}.Release|Any CPU.Build.0 = Release|Any CPU
	EndGlobalSection
	GlobalSection(SolutionProperties) = preSolution
		HideSolutionNode = FALSE
	EndGlobalSection
	GlobalSection(NestedProjects) = preSolution
		{AB342BAF-2164-4214-B9ED-73A5D0691286} = {02EA681E-C7D8-13C7-8484-4AC65E1B71E8}
		{343B5A69-9519-4B8A-92E1-627FB5AFB1E2} = {02EA681E-C7D8-13C7-8484-4AC65E1B71E8}
		{82BA6E6B-C2BB-4CF1-80A8-BA479A8D277A} = {02EA681E-C7D8-13C7-8484-4AC65E1B71E8}
		{D80D45F4-BDA3-498E-90B4-56F1EE07130B} = {F7EE25EC-A220-4BCF-B300-F2CEF46B5C7F}
		{1F2681F8-3A32-4E13-A82E-C0717CE18F1D} = {F7EE25EC-A220-4BCF-B300-F2CEF46B5C7F}
		{4A5E103C-0D5D-4F9F-A593-28DF5C193863} = {F7EE25EC-A220-4BCF-B300-F2CEF46B5C7F}
		{4B3C23C7-BBBE-44ED-839B-E42183DE76CB} = {CAEA7612-65D0-4BD7-82A0-F42446A21889}
		{D9A3CC15-2207-4CC6-919D-8C78130E2C01} = {CAEA7612-65D0-4BD7-82A0-F42446A21889}
		{A5E3B504-4027-4341-B745-7825B7589278} = {CAEA7612-65D0-4BD7-82A0-F42446A21889}
		{79F08F8C-54A0-4944-9B5A-F8BA1E5F16EB} = {349670FF-C99D-46FD-B03D-32226C802759}
		{781E2662-F08F-48A5-9153-0D37B613EA8D} = {349670FF-C99D-46FD-B03D-32226C802759}
		{D8F45BFA-4FBA-4899-A547-832E7BEC3469} = {349670FF-C99D-46FD-B03D-32226C802759}
		{A1736F80-F340-4182-9D9E-58BBCCBFCBFF} = {0466D0A7-D204-4E4E-95AA-6EEBA3E849E4}
		{8044DA8E-65B3-4BE8-866D-7CAB93385564} = {0466D0A7-D204-4E4E-95AA-6EEBA3E849E4}
		{78D0A765-D284-48B3-BD0E-09536DD0E9D8} = {0466D0A7-D204-4E4E-95AA-6EEBA3E849E4}
		{B0C22B87-2F28-4FB3-917D-3672292D5E64} = {CA499F1D-3670-45BA-9560-3DD4E9F2EC1D}
		{1C2CF371-17D7-4D46-94FD-4B1974758A87} = {CA499F1D-3670-45BA-9560-3DD4E9F2EC1D}
		{3016AB0F-8162-4BD7-95D5-A2D5F77B60E3} = {CA499F1D-3670-45BA-9560-3DD4E9F2EC1D}
		{B0634E0D-2437-44FB-A539-BEF96E0676E6} = {9C093B7C-E943-4DAF-B9F6-5705B9210A2D}
		{B8465A63-8512-4C95-BD1D-68F4FD5A0B53} = {9C093B7C-E943-4DAF-B9F6-5705B9210A2D}
		{E17A91F0-98B8-4866-AA4D-69245F389E1E} = {9C093B7C-E943-4DAF-B9F6-5705B9210A2D}
	EndGlobalSection
	GlobalSection(ExtensibilityGlobals) = postSolution
		SolutionGuid = {1741A996-E2F0-42F8-974B-042FD2BEC015}
	EndGlobalSection
EndGlobal
